
Microsoft Visual Studio Solution File, Format Version 12.00
# Visual Studio Version 17
VisualStudioVersion = 17.10.35122.118
MinimumVisualStudioVersion = 10.0.40219.1
Project("{FAE04EC0-301F-11D3-BF4B-00C04F79EFBC}") = "gyakszi1113", "gyakszi1113\gyakszi1113.csproj", "{C9342502-F8DA-4167-9C39-83B54B6C0952}"
EndProject
Global
	GlobalSection(SolutionConfigurationPlatforms) = preSolution
		Debug|Any CPU = Debug|Any CPU
		Release|Any CPU = Release|Any CPU
	EndGlobalSection
	GlobalSection(ProjectConfigurationPlatforms) = postSolution
		{C9342502-F8DA-4167-9C39-83B54B6C0952}.Debug|Any CPU.ActiveCfg = Debug|Any CPU
		{C9342502-F8DA-4167-9C39-83B54B6C0952}.Debug|Any CPU.Build.0 = Debug|Any CPU
		{C9342502-F8DA-4167-9C39-83B54B6C0952}.Release|Any CPU.ActiveCfg = Release|Any CPU
		{C9342502-F8DA-4167-9C39-83B54B6C0952}.Release|Any CPU.Build.0 = Release|Any CPU
	EndGlobalSection
	GlobalSection(SolutionProperties) = preSolution
		HideSolutionNode = FALSE
	EndGlobalSection
	GlobalSection(ExtensibilityGlobals) = postSolution
		SolutionGuid = {C8B3FF88-9FA8-4C6B-941B-C324D604803F}
	EndGlobalSection
EndGlobal
