
Microsoft Visual Studio Solution File, Format Version 12.00
# Visual Studio Version 17
VisualStudioVersion = 17.10.35122.118
MinimumVisualStudioVersion = 10.0.40219.1
Project("{FAE04EC0-301F-11D3-BF4B-00C04F79EFBC}") = "gyakszi0911", "gyakszi0911\gyakszi0911.csproj", "{112ACB1C-4BF2-43D0-ABD0-371503DAF515}"
EndProject
Global
	GlobalSection(SolutionConfigurationPlatforms) = preSolution
		Debug|Any CPU = Debug|Any CPU
		Release|Any CPU = Release|Any CPU
	EndGlobalSection
	GlobalSection(ProjectConfigurationPlatforms) = postSolution
		{112ACB1C-4BF2-43D0-ABD0-371503DAF515}.Debug|Any CPU.ActiveCfg = Debug|Any CPU
		{112ACB1C-4BF2-43D0-ABD0-371503DAF515}.Debug|Any CPU.Build.0 = Debug|Any CPU
		{112ACB1C-4BF2-43D0-ABD0-371503DAF515}.Release|Any CPU.ActiveCfg = Release|Any CPU
		{112ACB1C-4BF2-43D0-ABD0-371503DAF515}.Release|Any CPU.Build.0 = Release|Any CPU
	EndGlobalSection
	GlobalSection(SolutionProperties) = preSolution
		HideSolutionNode = FALSE
	EndGlobalSection
	GlobalSection(ExtensibilityGlobals) = postSolution
		SolutionGuid = {2A10ACA2-6714-42F5-B261-8939618D8A13}
	EndGlobalSection
EndGlobal
