
Microsoft Visual Studio Solution File, Format Version 12.00
# Visual Studio Version 17
VisualStudioVersion = 17.10.35122.118
MinimumVisualStudioVersion = 10.0.40219.1
Project("{FAE04EC0-301F-11D3-BF4B-00C04F79EFBC}") = "rekurzio", "rekurzio\rekurzio.csproj", "{363BE97A-6D5E-4FFE-BD9E-FF61901CEA7F}"
EndProject
Global
	GlobalSection(SolutionConfigurationPlatforms) = preSolution
		Debug|Any CPU = Debug|Any CPU
		Release|Any CPU = Release|Any CPU
	EndGlobalSection
	GlobalSection(ProjectConfigurationPlatforms) = postSolution
		{363BE97A-6D5E-4FFE-BD9E-FF61901CEA7F}.Debug|Any CPU.ActiveCfg = Debug|Any CPU
		{363BE97A-6D5E-4FFE-BD9E-FF61901CEA7F}.Debug|Any CPU.Build.0 = Debug|Any CPU
		{363BE97A-6D5E-4FFE-BD9E-FF61901CEA7F}.Release|Any CPU.ActiveCfg = Release|Any CPU
		{363BE97A-6D5E-4FFE-BD9E-FF61901CEA7F}.Release|Any CPU.Build.0 = Release|Any CPU
	EndGlobalSection
	GlobalSection(SolutionProperties) = preSolution
		HideSolutionNode = FALSE
	EndGlobalSection
	GlobalSection(ExtensibilityGlobals) = postSolution
		SolutionGuid = {076157F1-5F64-4B22-8E8C-5AD62B159A02}
	EndGlobalSection
EndGlobal
