
Microsoft Visual Studio Solution File, Format Version 12.00
# Visual Studio Version 17
VisualStudioVersion = 17.10.35122.118
MinimumVisualStudioVersion = 10.0.40219.1
Project("{FAE04EC0-301F-11D3-BF4B-00C04F79EFBC}") = "gyakszi1114", "gyakszi1114\gyakszi1114.csproj", "{F71B3022-9348-448D-ADA7-789EEE834560}"
EndProject
Global
	GlobalSection(SolutionConfigurationPlatforms) = preSolution
		Debug|Any CPU = Debug|Any CPU
		Release|Any CPU = Release|Any CPU
	EndGlobalSection
	GlobalSection(ProjectConfigurationPlatforms) = postSolution
		{F71B3022-9348-448D-ADA7-789EEE834560}.Debug|Any CPU.ActiveCfg = Debug|Any CPU
		{F71B3022-9348-448D-ADA7-789EEE834560}.Debug|Any CPU.Build.0 = Debug|Any CPU
		{F71B3022-9348-448D-ADA7-789EEE834560}.Release|Any CPU.ActiveCfg = Release|Any CPU
		{F71B3022-9348-448D-ADA7-789EEE834560}.Release|Any CPU.Build.0 = Release|Any CPU
	EndGlobalSection
	GlobalSection(SolutionProperties) = preSolution
		HideSolutionNode = FALSE
	EndGlobalSection
	GlobalSection(ExtensibilityGlobals) = postSolution
		SolutionGuid = {B79A3700-AC35-468E-A183-DAC429B05B34}
	EndGlobalSection
EndGlobal
