
Microsoft Visual Studio Solution File, Format Version 12.00
# Visual Studio Version 17
VisualStudioVersion = 17.10.35122.118
MinimumVisualStudioVersion = 10.0.40219.1
Project("{FAE04EC0-301F-11D3-BF4B-00C04F79EFBC}") = "belepteto", "belepteto\belepteto.csproj", "{CDC53878-CFDC-46FC-BFC1-CB22AE263B25}"
EndProject
Global
	GlobalSection(SolutionConfigurationPlatforms) = preSolution
		Debug|Any CPU = Debug|Any CPU
		Release|Any CPU = Release|Any CPU
	EndGlobalSection
	GlobalSection(ProjectConfigurationPlatforms) = postSolution
		{CDC53878-CFDC-46FC-BFC1-CB22AE263B25}.Debug|Any CPU.ActiveCfg = Debug|Any CPU
		{CDC53878-CFDC-46FC-BFC1-CB22AE263B25}.Debug|Any CPU.Build.0 = Debug|Any CPU
		{CDC53878-CFDC-46FC-BFC1-CB22AE263B25}.Release|Any CPU.ActiveCfg = Release|Any CPU
		{CDC53878-CFDC-46FC-BFC1-CB22AE263B25}.Release|Any CPU.Build.0 = Release|Any CPU
	EndGlobalSection
	GlobalSection(SolutionProperties) = preSolution
		HideSolutionNode = FALSE
	EndGlobalSection
	GlobalSection(ExtensibilityGlobals) = postSolution
		SolutionGuid = {622C2AB8-84BF-4B53-AC9C-AA782064D3A8}
	EndGlobalSection
EndGlobal
